{
  "nodes": {
    "avBuilder": {
      "inputs": {
        "nixpkgs": [
          "nixpkgs"
        ]
      },
      "locked": {
        "lastModified": 1755299332,
        "narHash": "sha256-uZuJZJo3sCv0XcQjqQosbUtrFL5gTBF0NdRM+IZdHTM=",
        "owner": "jojo7682345",
        "repo": "avBuilder",
        "rev": "352eef1fab793088284aeb779466caae9ae8767f",
        "type": "github"
      },
      "original": {
        "owner": "jojo7682345",
        "repo": "avBuilder",
        "type": "github"
      }
    },
    "home-manager": {
      "inputs": {
        "nixpkgs": [
          "nixpkgs"
        ]
      },
      "locked": {
        "lastModified": 1749400047,
        "narHash": "sha256-402wlidCV5legNlZsavHyIKIV6yQAHAImbiM0oHCBVU=",
        "owner": "nix-community",
        "repo": "home-manager",
        "rev": "a0c22e66dd93e6306f2ecd94cc8b8f0512e29613",
        "type": "github"
      },
      "original": {
        "owner": "nix-community",
        "ref": "pull/4976/merge",
        "repo": "home-manager",
        "type": "github"
      }
    },
    "lix": {
      "inputs": {
        "flake-compat": [],
        "nix2container": [],
        "nix_2_18": "nix_2_18",
        "nixpkgs": [
          "nixpkgs"
        ],
        "nixpkgs-regression": "nixpkgs-regression",
        "pre-commit-hooks": []
      },
      "locked": {
        "lastModified": 1755273906,
        "narHash": "sha256-VipXs4NfozaKVlTMYn6nxB9xmiFKds7SHJwvHwQisfE=",
        "rev": "935901cd460cf5a20705633317ed11e9f2555b1e",
        "type": "tarball",
        "url": "https://git.lix.systems/api/v1/repos/lix-project/lix/archive/935901cd460cf5a20705633317ed11e9f2555b1e.tar.gz"
      },
      "original": {
        "type": "tarball",
        "url": "https://git.lix.systems/lix-project/lix/archive/main.tar.gz"
      }
    },
    "lowdown-src": {
      "flake": false,
      "locked": {
        "lastModified": 1633514407,
        "narHash": "sha256-Dw32tiMjdK9t3ETl5fzGrutQTzh2rufgZV4A/BbxuD4=",
        "owner": "kristapsdz",
        "repo": "lowdown",
        "rev": "d2c2b44ff6c27b936ec27358a2653caaef8f73b8",
        "type": "github"
      },
      "original": {
        "owner": "kristapsdz",
        "repo": "lowdown",
        "type": "github"
      }
    },
    "nix_2_18": {
      "inputs": {
        "flake-compat": [
          "lix",
          "flake-compat"
        ],
        "lowdown-src": "lowdown-src",
        "nixpkgs": "nixpkgs",
        "nixpkgs-regression": [
          "lix",
          "nixpkgs-regression"
        ]
      },
      "locked": {
        "lastModified": 1730375271,
        "narHash": "sha256-RrOFlDGmRXcVRV2p2HqHGqvzGNyWoD0Dado/BNlJ1SI=",
        "owner": "NixOS",
        "repo": "nix",
        "rev": "0f665ff6779454f2117dcc32e44380cda7f45523",
        "type": "github"
      },
      "original": {
        "owner": "NixOS",
        "ref": "2.18.9",
        "repo": "nix",
        "type": "github"
      }
    },
    "nixpkgs": {
      "locked": {
        "lastModified": 1705033721,
        "narHash": "sha256-K5eJHmL1/kev6WuqyqqbS1cdNnSidIZ3jeqJ7GbrYnQ=",
        "owner": "NixOS",
        "repo": "nixpkgs",
        "rev": "a1982c92d8980a0114372973cbdfe0a307f1bdea",
        "type": "github"
      },
      "original": {
        "owner": "NixOS",
        "ref": "nixos-23.05-small",
        "repo": "nixpkgs",
        "type": "github"
      }
    },
    "nixpkgs-regression": {
      "locked": {
        "lastModified": 1643052045,
        "narHash": "sha256-uGJ0VXIhWKGXxkeNnq4TvV3CIOkUJ3PAoLZ3HMzNVMw=",
        "owner": "NixOS",
        "repo": "nixpkgs",
        "rev": "215d4d0fd80ca5163643b03a33fde804a29cc1e2",
        "type": "github"
      },
      "original": {
        "owner": "NixOS",
        "repo": "nixpkgs",
        "rev": "215d4d0fd80ca5163643b03a33fde804a29cc1e2",
        "type": "github"
      }
    },
    "nixpkgs_2": {
      "locked": {
        "lastModified": 1755186698,
        "narHash": "sha256-wNO3+Ks2jZJ4nTHMuks+cxAiVBGNuEBXsT29Bz6HASo=",
        "owner": "nixos",
        "repo": "nixpkgs",
        "rev": "fbcf476f790d8a217c3eab4e12033dc4a0f6d23c",
        "type": "github"
      },
      "original": {
        "owner": "nixos",
        "ref": "nixos-unstable",
        "repo": "nixpkgs",
        "type": "github"
      }
    },
    "root": {
      "inputs": {
        "avBuilder": "avBuilder",
        "home-manager": "home-manager",
        "lix": "lix",
        "nixpkgs": "nixpkgs_2"
      }
    }
  },
  "root": "root",
  "version": 7
}
